<?xml version="1.0" encoding="UTF-8" standalone="yes" ?>
<CodeBlocks_project_file>
	<FileVersion major="1" minor="6" />
	<Project>
		<Option title="Individualni_Projekat" />
		<Option pch_mode="2" />
		<Option compiler="gcc" />
		<Build>
			<Target title="Debug">
				<Option output="bin/Debug/Individualni_Projekat" prefix_auto="1" extension_auto="1" />
				<Option object_output="obj/Debug/" />
				<Option type="1" />
				<Option compiler="gcc" />
				<Compiler>
					<Add option="-g" />
				</Compiler>
			</Target>
			<Target title="Release">
				<Option output="bin/Release/Individualni_Projekat" prefix_auto="1" extension_auto="1" />
				<Option object_output="obj/Release/" />
				<Option type="1" />
				<Option compiler="gcc" />
				<Compiler>
					<Add option="-O2" />
				</Compiler>
				<Linker>
					<Add option="-s" />
				</Linker>
			</Target>
		</Build>
		<Compiler>
			<Add option="-Wall" />
			<Add option="-fexceptions" />
		</Compiler>
		<Unit filename="Account.hpp" />
		<Unit filename="Artiljerija.hpp" />
		<Unit filename="Clan.hpp" />
		<Unit filename="DeoTenka.hpp" />
		<Unit filename="Kupola.hpp" />
		<Unit filename="Laki.hpp" />
		<Unit filename="Lovac.hpp" />
		<Unit filename="Motor.hpp" />
		<Unit filename="OsnovneKarakteristike.hpp" />
		<Unit filename="Posada.hpp" />
		<Unit filename="Radio.hpp" />
		<Unit filename="Servisiranje.hpp" />
		<Unit filename="Srednji.hpp" />
		<Unit filename="TehnickeKarakteristike.hpp" />
		<Unit filename="Tenk.hpp" />
		<Unit filename="Teski.hpp" />
		<Unit filename="Top.hpp" />
		<Unit filename="Vesanje.hpp" />
		<Unit filename="dinstring.cpp" />
		<Unit filename="dinstring.hpp" />
		<Unit filename="list.hpp" />
		<Unit filename="main.cpp" />
		<Extensions>
			<code_completion />
			<envvars />
			<debugger />
		</Extensions>
	</Project>
</CodeBlocks_project_file>
